{
    "_readme": [
        "This file locks the dependencies of your project to a known state",
        "Read more about it at https://getcomposer.org/doc/01-basic-usage.md#installing-dependencies",
        "This file is @generated automatically"
    ],
    "content-hash": "40ce417c4ed8b861d804f8e32e6e79d6",
    "packages": [
        {
            "name": "symfony/password-hasher",
            "version": "v6.2.0",
            "source": {
                "type": "git",
                "url": "https://github.com/symfony/password-hasher.git",
                "reference": "955ce6bdbb53933897043ad00776a88ba916208a"
            },
            "dist": {
                "type": "zip",
                "url": "https://api.github.com/repos/symfony/password-hasher/zipball/955ce6bdbb53933897043ad00776a88ba916208a",
                "reference": "955ce6bdbb53933897043ad00776a88ba916208a",
                "shasum": ""
            },
            "require": {
                "php": ">=8.1"
            },
            "conflict": {
                "symfony/security-core": "<5.4"
            },
            "require-dev": {
                "symfony/console": "^5.4|^6.0",
                "symfony/security-core": "^5.4|^6.0"
            },
            "type": "library",
            "autoload": {
                "psr-4": {
                    "Symfony\\Component\\PasswordHasher\\": ""
                },
                "exclude-from-classmap": [
                    "/Tests/"
                ]
            },
            "notification-url": "https://packagist.org/downloads/",
            "license": [
                "MIT"
            ],
            "authors": [
                {
                    "name": "Robin Chalas",
                    "email": "robin.chalas@gmail.com"
                },
                {
                    "name": "Symfony Community",
                    "homepage": "https://symfony.com/contributors"
                }
            ],
            "description": "Provides password hashing utilities",
            "homepage": "https://symfony.com",
            "keywords": [
                "hashing",
                "password"
            ],
            "support": {
                "source": "https://github.com/symfony/password-hasher/tree/v6.2.0"
            },
            "funding": [
                {
                    "url": "https://symfony.com/sponsor",
                    "type": "custom"
                },
                {
                    "url": "https://github.com/fabpot",
                    "type": "github"
                },
                {
                    "url": "https://tidelift.com/funding/github/packagist/symfony/symfony",
                    "type": "tidelift"
                }
            ],
            "time": "2022-09-01T02:03:18+00:00"
        }
    ],
    "packages-dev": [],
    "aliases": [],
    "minimum-stability": "stable",
    "stability-flags": [],
    "prefer-stable": false,
    "prefer-lowest": false,
    "platform": [],
    "platform-dev": [],
    "plugin-api-version": "2.3.0"
}
